{
  "version": 4,
  "terraform_version": "1.1.0",
  "serial": 583,
  "lineage": "a2cab4e8-79ae-d06e-7c38-80c80fcf561b",
  "outputs": {
    "container_hostnames": {
      "value": [
        "controlplane-01",
        "dataplane-01"
      ],
      "type": [
        "tuple",
        [
          "string",
          "string"
        ]
      ]
    },
    "container_ips": {
      "value": [
        "10.101.0.9",
        "10.101.0.16"
      ],
      "type": [
        "tuple",
        [
          "string",
          "string"
        ]
      ]
    }
  },
  "resources": [
    {
      "mode": "data",
      "type": "terraform_remote_state",
      "name": "storage",
      "provider": "provider[\"terraform.io/builtin/terraform\"]",
      "instances": [
        {
          "schema_version": 0,
          "attributes": {
            "backend": "local",
            "config": {
              "value": {
                "path": "./tfstates/storage.tfstate"
              },
              "type": [
                "object",
                {
                  "path": "string"
                }
              ]
            },
            "defaults": null,
            "outputs": {
              "value": {
                "storage_name": "k8s"
              },
              "type": [
                "object",
                {
                  "storage_name": "string"
                }
              ]
            },
            "workspace": null
          },
          "sensitive_attributes": []
        }
      ]
    },
    {
      "mode": "managed",
      "type": "local_file",
      "name": "ansible_inventory",
      "provider": "provider[\"registry.terraform.io/hashicorp/local\"]",
      "instances": [
        {
          "schema_version": 0,
          "attributes": {
            "content": "[controlplane]\ncontrolplane-01.k8s ansible_host=10.101.0.9\n\n[dataplane]\ndataplane-01.k8s ansible_host=10.101.0.16\n",
            "content_base64": null,
            "directory_permission": "0777",
            "file_permission": "0777",
            "filename": "ansible/inventory",
            "id": "95f390579ab249d419e2d50329cb389b1ac45018",
            "sensitive_content": null,
            "source": null
          },
          "sensitive_attributes": [],
          "private": "bnVsbA==",
          "dependencies": [
            "data.terraform_remote_state.storage",
            "module.container.lxd_container.container",
            "module.container.lxd_container_file.authorized_keys",
            "module.container.lxd_volume.volume"
          ]
        }
      ]
    },
    {
      "mode": "managed",
      "type": "lxd_profile",
      "name": "k3s",
      "provider": "provider[\"registry.terraform.io/terraform-lxd/lxd\"]",
      "instances": [
        {
          "schema_version": 0,
          "attributes": {
            "config": {
              "linux.kernel_modules": "overlay,nf_nat,ip_tables,ip6_tables,netlink_diag,br_netfilter,xt_conntrack,nf_conntrack,ip_vs,vxlan",
              "raw.lxc": "limits.cpu = 2\nlimits.memory = 1GB\nlimits.memory.swap = false\nboot.autostart = true\nsecurity.privileged = true\nsecurity.nesting = true\nlxc.apparmor.profile = unconfined\nlxc.cgroup.devices.allow = a\nlxc.mount.auto=proc:rw sys:rw cgroup:rw\nlxc.cap.drop =\n"
            },
            "description": "",
            "device": [
              {
                "name": "aadisable",
                "properties": {
                  "path": "/sys/module/apparmor/parameters/enabled",
                  "source": "/dev/null"
                },
                "type": "disk"
              },
              {
                "name": "eth0",
                "properties": {
                  "nictype": "bridged",
                  "parent": "k8s"
                },
                "type": "nic"
              },
              {
                "name": "kmsg",
                "properties": {
                  "path": "/dev/kmsg",
                  "source": "/dev/kmsg"
                },
                "type": "disk"
              },
              {
                "name": "root",
                "properties": {
                  "path": "/",
                  "pool": "default"
                },
                "type": "disk"
              }
            ],
            "id": "k3s",
            "name": "k3s",
            "remote": null
          },
          "sensitive_attributes": [],
          "private": "bnVsbA=="
        }
      ]
    },
    {
      "module": "module.container[0]",
      "mode": "managed",
      "type": "lxd_container",
      "name": "container",
      "provider": "provider[\"registry.terraform.io/terraform-lxd/lxd\"]",
      "instances": [
        {
          "schema_version": 0,
          "attributes": {
            "config": null,
            "device": [
              {
                "name": "controlplane-01",
                "properties": {
                  "path": "/opt/",
                  "pool": "k8s",
                  "source": "controlplane-01"
                },
                "type": "disk"
              }
            ],
            "ephemeral": false,
            "file": [],
            "id": "controlplane-01",
            "image": "ubuntu:18.04",
            "ip_address": "10.101.0.9",
            "ipv4_address": "10.101.0.9",
            "ipv6_address": "fe80::216:3eff:fec7:9d77",
            "limits": null,
            "mac_address": "00:16:3e:c7:9d:77",
            "name": "controlplane-01",
            "privileged": false,
            "profiles": [
              "k3s"
            ],
            "remote": null,
            "start_container": true,
            "status": "Running",
            "target": "none",
            "type": "container",
            "wait_for_network": true
          },
          "sensitive_attributes": [],
          "private": "bnVsbA==",
          "dependencies": [
            "data.terraform_remote_state.storage",
            "module.container.lxd_volume.volume"
          ]
        }
      ]
    },
    {
      "module": "module.container[0]",
      "mode": "managed",
      "type": "lxd_container_file",
      "name": "authorized_keys",
      "provider": "provider[\"registry.terraform.io/terraform-lxd/lxd\"]",
      "instances": [
        {
          "schema_version": 0,
          "attributes": {
            "append": null,
            "container_name": "controlplane-01",
            "content": null,
            "create_directories": true,
            "gid": null,
            "id": "local:controlplane-01/home/ubuntu/.ssh/authorized_keys",
            "mode": "0644",
            "remote": null,
            "source": "/home/gpenaud/.ssh/id_rsa.pub",
            "target_file": "/home/ubuntu/.ssh/authorized_keys",
            "uid": null
          },
          "sensitive_attributes": [],
          "private": "bnVsbA==",
          "dependencies": [
            "data.terraform_remote_state.storage",
            "module.container.lxd_container.container",
            "module.container.lxd_volume.volume"
          ]
        }
      ]
    },
    {
      "module": "module.container[0]",
      "mode": "managed",
      "type": "lxd_volume",
      "name": "volume",
      "provider": "provider[\"registry.terraform.io/terraform-lxd/lxd\"]",
      "instances": [
        {
          "schema_version": 0,
          "attributes": {
            "config": null,
            "expanded_config": {},
            "id": "k8s/controlplane-01/custom",
            "location": "none",
            "name": "controlplane-01",
            "pool": "k8s",
            "remote": null,
            "target": null,
            "type": "custom"
          },
          "sensitive_attributes": [],
          "private": "bnVsbA==",
          "dependencies": [
            "data.terraform_remote_state.storage"
          ]
        }
      ]
    },
    {
      "module": "module.container[1]",
      "mode": "managed",
      "type": "lxd_container",
      "name": "container",
      "provider": "provider[\"registry.terraform.io/terraform-lxd/lxd\"]",
      "instances": [
        {
          "schema_version": 0,
          "attributes": {
            "config": null,
            "device": [
              {
                "name": "dataplane-01",
                "properties": {
                  "path": "/opt/",
                  "pool": "k8s",
                  "source": "dataplane-01"
                },
                "type": "disk"
              }
            ],
            "ephemeral": false,
            "file": [],
            "id": "dataplane-01",
            "image": "ubuntu:18.04",
            "ip_address": "10.101.0.16",
            "ipv4_address": "10.101.0.16",
            "ipv6_address": "fe80::216:3eff:fe98:fc72",
            "limits": null,
            "mac_address": "00:16:3e:98:fc:72",
            "name": "dataplane-01",
            "privileged": false,
            "profiles": [
              "k3s"
            ],
            "remote": null,
            "start_container": true,
            "status": "Running",
            "target": "none",
            "type": "container",
            "wait_for_network": true
          },
          "sensitive_attributes": [],
          "private": "bnVsbA==",
          "dependencies": [
            "data.terraform_remote_state.storage",
            "module.container.lxd_volume.volume"
          ]
        }
      ]
    },
    {
      "module": "module.container[1]",
      "mode": "managed",
      "type": "lxd_container_file",
      "name": "authorized_keys",
      "provider": "provider[\"registry.terraform.io/terraform-lxd/lxd\"]",
      "instances": [
        {
          "schema_version": 0,
          "attributes": {
            "append": null,
            "container_name": "dataplane-01",
            "content": null,
            "create_directories": true,
            "gid": null,
            "id": "local:dataplane-01/home/ubuntu/.ssh/authorized_keys",
            "mode": "0644",
            "remote": null,
            "source": "/home/gpenaud/.ssh/id_rsa.pub",
            "target_file": "/home/ubuntu/.ssh/authorized_keys",
            "uid": null
          },
          "sensitive_attributes": [],
          "private": "bnVsbA==",
          "dependencies": [
            "data.terraform_remote_state.storage",
            "module.container.lxd_container.container",
            "module.container.lxd_volume.volume"
          ]
        }
      ]
    },
    {
      "module": "module.container[1]",
      "mode": "managed",
      "type": "lxd_volume",
      "name": "volume",
      "provider": "provider[\"registry.terraform.io/terraform-lxd/lxd\"]",
      "instances": [
        {
          "schema_version": 0,
          "attributes": {
            "config": null,
            "expanded_config": {},
            "id": "k8s/dataplane-01/custom",
            "location": "none",
            "name": "dataplane-01",
            "pool": "k8s",
            "remote": null,
            "target": null,
            "type": "custom"
          },
          "sensitive_attributes": [],
          "private": "bnVsbA==",
          "dependencies": [
            "data.terraform_remote_state.storage"
          ]
        }
      ]
    }
  ]
}
