{
  "version": 4,
  "terraform_version": "1.1.0",
  "serial": 95,
  "lineage": "bc311e74-937a-c4bc-ef8b-d2ea91f90601",
  "outputs": {
    "storage_name": {
      "value": "k8s",
      "type": "string"
    }
  },
  "resources": [
    {
      "mode": "managed",
      "type": "lxd_storage_pool",
      "name": "k8s",
      "provider": "provider[\"registry.terraform.io/terraform-lxd/lxd\"]",
      "instances": [
        {
          "schema_version": 0,
          "attributes": {
            "config": {
              "source": "/var/lib/lxd/storage-pools/k8s"
            },
            "driver": "dir",
            "id": "k8s",
            "name": "k8s",
            "remote": null,
            "target": null
          },
          "sensitive_attributes": [],
          "private": "bnVsbA=="
        }
      ]
    }
  ]
}
